// !$*UTF8*$!
{
	archiveVersion = 1;
	classes = {
	};
	objectVersion = 46;
	objects = {

/* Begin PBXBuildFile section */
		218CA6121DE49280006BBB9C /* AppDelegate.swift in Sources */ = {isa = PBXBuildFile; fileRef = 218CA6111DE49280006BBB9C /* AppDelegate.swift */; };
		218CA6141DE49280006BBB9C /* ViewController.swift in Sources */ = {isa = PBXBuildFile; fileRef = 218CA6131DE49280006BBB9C /* ViewController.swift */; };
		218CA6171DE49280006BBB9C /* Main.storyboard in Resources */ = {isa = PBXBuildFile; fileRef = 218CA6151DE49280006BBB9C /* Main.storyboard */; };
		218CA6191DE49280006BBB9C /* Assets.xcassets in Resources */ = {isa = PBXBuildFile; fileRef = 218CA6181DE49280006BBB9C /* Assets.xcassets */; };
		218CA61C1DE49280006BBB9C /* LaunchScreen.storyboard in Resources */ = {isa = PBXBuildFile; fileRef = 218CA61A1DE49280006BBB9C /* LaunchScreen.storyboard */; };
		218CA6271DE49280006BBB9C /* aiteru_ios_clientTests.swift in Sources */ = {isa = PBXBuildFile; fileRef = 218CA6261DE49280006BBB9C /* aiteru_ios_clientTests.swift */; };
		218CA6321DE49280006BBB9C /* aiteru_ios_clientUITests.swift in Sources */ = {isa = PBXBuildFile; fileRef = 218CA6311DE49280006BBB9C /* aiteru_ios_clientUITests.swift */; };
		218CA6401DE5851F006BBB9C /* StatusLabelDesign.swift in Sources */ = {isa = PBXBuildFile; fileRef = 218CA63F1DE5851F006BBB9C /* StatusLabelDesign.swift */; };
/* End PBXBuildFile section */

/* Begin PBXContainerItemProxy section */
		218CA6231DE49280006BBB9C /* PBXContainerItemProxy */ = {
			isa = PBXContainerItemProxy;
			containerPortal = 218CA6061DE49280006BBB9C /* Project object */;
			proxyType = 1;
			remoteGlobalIDString = 218CA60D1DE49280006BBB9C;
			remoteInfo = "aiteru-ios-client";
		};
		218CA62E1DE49280006BBB9C /* PBXContainerItemProxy */ = {
			isa = PBXContainerItemProxy;
			containerPortal = 218CA6061DE49280006BBB9C /* Project object */;
			proxyType = 1;
			remoteGlobalIDString = 218CA60D1DE49280006BBB9C;
			remoteInfo = "aiteru-ios-client";
		};
/* End PBXContainerItemProxy section */

/* Begin PBXFileReference section */
		218CA60E1DE49280006BBB9C /* aiteru-ios-client.app */ = {isa = PBXFileReference; explicitFileType = wrapper.application; includeInIndex = 0; path = "aiteru-ios-client.app"; sourceTree = BUILT_PRODUCTS_DIR; };
		218CA6111DE49280006BBB9C /* AppDelegate.swift */ = {isa = PBXFileReference; lastKnownFileType = sourcecode.swift; path = AppDelegate.swift; sourceTree = "<group>"; };
		218CA6131DE49280006BBB9C /* ViewController.swift */ = {isa = PBXFileReference; lastKnownFileType = sourcecode.swift; path = ViewController.swift; sourceTree = "<group>"; };
		218CA6161DE49280006BBB9C /* Base */ = {isa = PBXFileReference; lastKnownFileType = file.storyboard; name = Base; path = Base.lproj/Main.storyboard; sourceTree = "<group>"; };
		218CA6181DE49280006BBB9C /* Assets.xcassets */ = {isa = PBXFileReference; lastKnownFileType = folder.assetcatalog; path = Assets.xcassets; sourceTree = "<group>"; };
		218CA61B1DE49280006BBB9C /* Base */ = {isa = PBXFileReference; lastKnownFileType = file.storyboard; name = Base; path = Base.lproj/LaunchScreen.storyboard; sourceTree = "<group>"; };
		218CA61D1DE49280006BBB9C /* Info.plist */ = {isa = PBXFileReference; lastKnownFileType = text.plist.xml; path = Info.plist; sourceTree = "<group>"; };
		218CA6221DE49280006BBB9C /* aiteru-ios-clientTests.xctest */ = {isa = PBXFileReference; explicitFileType = wrapper.cfbundle; includeInIndex = 0; path = "aiteru-ios-clientTests.xctest"; sourceTree = BUILT_PRODUCTS_DIR; };
		218CA6261DE49280006BBB9C /* aiteru_ios_clientTests.swift */ = {isa = PBXFileReference; lastKnownFileType = sourcecode.swift; path = aiteru_ios_clientTests.swift; sourceTree = "<group>"; };
		218CA6281DE49280006BBB9C /* Info.plist */ = {isa = PBXFileReference; lastKnownFileType = text.plist.xml; path = Info.plist; sourceTree = "<group>"; };
		218CA62D1DE49280006BBB9C /* aiteru-ios-clientUITests.xctest */ = {isa = PBXFileReference; explicitFileType = wrapper.cfbundle; includeInIndex = 0; path = "aiteru-ios-clientUITests.xctest"; sourceTree = BUILT_PRODUCTS_DIR; };
		218CA6311DE49280006BBB9C /* aiteru_ios_clientUITests.swift */ = {isa = PBXFileReference; lastKnownFileType = sourcecode.swift; path = aiteru_ios_clientUITests.swift; sourceTree = "<group>"; };
		218CA6331DE49280006BBB9C /* Info.plist */ = {isa = PBXFileReference; lastKnownFileType = text.plist.xml; path = Info.plist; sourceTree = "<group>"; };
		218CA63F1DE5851F006BBB9C /* StatusLabelDesign.swift */ = {isa = PBXFileReference; fileEncoding = 4; lastKnownFileType = sourcecode.swift; path = StatusLabelDesign.swift; sourceTree = "<group>"; };
/* End PBXFileReference section */

/* Begin PBXFrameworksBuildPhase section */
		218CA60B1DE49280006BBB9C /* Frameworks */ = {
			isa = PBXFrameworksBuildPhase;
			buildActionMask = 2147483647;
			files = (
			);
			runOnlyForDeploymentPostprocessing = 0;
		};
		218CA61F1DE49280006BBB9C /* Frameworks */ = {
			isa = PBXFrameworksBuildPhase;
			buildActionMask = 2147483647;
			files = (
			);
			runOnlyForDeploymentPostprocessing = 0;
		};
		218CA62A1DE49280006BBB9C /* Frameworks */ = {
			isa = PBXFrameworksBuildPhase;
			buildActionMask = 2147483647;
			files = (
			);
			runOnlyForDeploymentPostprocessing = 0;
		};
/* End PBXFrameworksBuildPhase section */

/* Begin PBXGroup section */
		218CA6051DE49280006BBB9C = {
			isa = PBXGroup;
			children = (
				218CA6101DE49280006BBB9C /* aiteru-ios-client */,
				218CA6251DE49280006BBB9C /* aiteru-ios-clientTests */,
				218CA6301DE49280006BBB9C /* aiteru-ios-clientUITests */,
				218CA60F1DE49280006BBB9C /* Products */,
			);
			sourceTree = "<group>";
		};
		218CA60F1DE49280006BBB9C /* Products */ = {
			isa = PBXGroup;
			children = (
				218CA60E1DE49280006BBB9C /* aiteru-ios-client.app */,
				218CA6221DE49280006BBB9C /* aiteru-ios-clientTests.xctest */,
				218CA62D1DE49280006BBB9C /* aiteru-ios-clientUITests.xctest */,
			);
			name = Products;
			sourceTree = "<group>";
		};
		218CA6101DE49280006BBB9C /* aiteru-ios-client */ = {
			isa = PBXGroup;
			children = (
				218CA6111DE49280006BBB9C /* AppDelegate.swift */,
				218CA6131DE49280006BBB9C /* ViewController.swift */,
				218CA6151DE49280006BBB9C /* Main.storyboard */,
				218CA6181DE49280006BBB9C /* Assets.xcassets */,
				218CA61A1DE49280006BBB9C /* LaunchScreen.storyboard */,
				218CA61D1DE49280006BBB9C /* Info.plist */,
				218CA63F1DE5851F006BBB9C /* StatusLabelDesign.swift */,
			);
			path = "aiteru-ios-client";
			sourceTree = "<group>";
		};
		218CA6251DE49280006BBB9C /* aiteru-ios-clientTests */ = {
			isa = PBXGroup;
			children = (
				218CA6261DE49280006BBB9C /* aiteru_ios_clientTests.swift */,
				218CA6281DE49280006BBB9C /* Info.plist */,
			);
			path = "aiteru-ios-clientTests";
			sourceTree = "<group>";
		};
		218CA6301DE49280006BBB9C /* aiteru-ios-clientUITests */ = {
			isa = PBXGroup;
			children = (
				218CA6311DE49280006BBB9C /* aiteru_ios_clientUITests.swift */,
				218CA6331DE49280006BBB9C /* Info.plist */,
			);
			path = "aiteru-ios-clientUITests";
			sourceTree = "<group>";
		};
/* End PBXGroup section */

/* Begin PBXNativeTarget section */
		218CA60D1DE49280006BBB9C /* aiteru-ios-client */ = {
			isa = PBXNativeTarget;
			buildConfigurationList = 218CA6361DE49280006BBB9C /* Build configuration list for PBXNativeTarget "aiteru-ios-client" */;
			buildPhases = (
				218CA60A1DE49280006BBB9C /* Sources */,
				218CA60B1DE49280006BBB9C /* Frameworks */,
				218CA60C1DE49280006BBB9C /* Resources */,
			);
			buildRules = (
			);
			dependencies = (
			);
			name = "aiteru-ios-client";
			productName = "aiteru-ios-client";
			productReference = 218CA60E1DE49280006BBB9C /* aiteru-ios-client.app */;
			productType = "com.apple.product-type.application";
		};
		218CA6211DE49280006BBB9C /* aiteru-ios-clientTests */ = {
			isa = PBXNativeTarget;
			buildConfigurationList = 218CA6391DE49280006BBB9C /* Build configuration list for PBXNativeTarget "aiteru-ios-clientTests" */;
			buildPhases = (
				218CA61E1DE49280006BBB9C /* Sources */,
				218CA61F1DE49280006BBB9C /* Frameworks */,
				218CA6201DE49280006BBB9C /* Resources */,
			);
			buildRules = (
			);
			dependencies = (
				218CA6241DE49280006BBB9C /* PBXTargetDependency */,
			);
			name = "aiteru-ios-clientTests";
			productName = "aiteru-ios-clientTests";
			productReference = 218CA6221DE49280006BBB9C /* aiteru-ios-clientTests.xctest */;
			productType = "com.apple.product-type.bundle.unit-test";
		};
		218CA62C1DE49280006BBB9C /* aiteru-ios-clientUITests */ = {
			isa = PBXNativeTarget;
			buildConfigurationList = 218CA63C1DE49280006BBB9C /* Build configuration list for PBXNativeTarget "aiteru-ios-clientUITests" */;
			buildPhases = (
				218CA6291DE49280006BBB9C /* Sources */,
				218CA62A1DE49280006BBB9C /* Frameworks */,
				218CA62B1DE49280006BBB9C /* Resources */,
			);
			buildRules = (
			);
			dependencies = (
				218CA62F1DE49280006BBB9C /* PBXTargetDependency */,
			);
			name = "aiteru-ios-clientUITests";
			productName = "aiteru-ios-clientUITests";
			productReference = 218CA62D1DE49280006BBB9C /* aiteru-ios-clientUITests.xctest */;
			productType = "com.apple.product-type.bundle.ui-testing";
		};
/* End PBXNativeTarget section */

/* Begin PBXProject section */
		218CA6061DE49280006BBB9C /* Project object */ = {
			isa = PBXProject;
			attributes = {
				LastSwiftUpdateCheck = 0730;
				LastUpgradeCheck = 0730;
				ORGANIZATIONNAME = "Kosuke Matsuura";
				TargetAttributes = {
					218CA60D1DE49280006BBB9C = {
						CreatedOnToolsVersion = 7.3.1;
						DevelopmentTeam = PK37ZT94CB;
					};
					218CA6211DE49280006BBB9C = {
						CreatedOnToolsVersion = 7.3.1;
						DevelopmentTeam = PK37ZT94CB;
						TestTargetID = 218CA60D1DE49280006BBB9C;
					};
					218CA62C1DE49280006BBB9C = {
						CreatedOnToolsVersion = 7.3.1;
						DevelopmentTeam = PK37ZT94CB;
						TestTargetID = 218CA60D1DE49280006BBB9C;
					};
				};
			};
			buildConfigurationList = 218CA6091DE49280006BBB9C /* Build configuration list for PBXProject "aiteru-ios-client" */;
			compatibilityVersion = "Xcode 3.2";
			developmentRegion = English;
			hasScannedForEncodings = 0;
			knownRegions = (
				en,
				Base,
			);
			mainGroup = 218CA6051DE49280006BBB9C;
			productRefGroup = 218CA60F1DE49280006BBB9C /* Products */;
			projectDirPath = "";
			projectRoot = "";
			targets = (
				218CA60D1DE49280006BBB9C /* aiteru-ios-client */,
				218CA6211DE49280006BBB9C /* aiteru-ios-clientTests */,
				218CA62C1DE49280006BBB9C /* aiteru-ios-clientUITests */,
			);
		};
/* End PBXProject section */

/* Begin PBXResourcesBuildPhase section */
		218CA60C1DE49280006BBB9C /* Resources */ = {
			isa = PBXResourcesBuildPhase;
			buildActionMask = 2147483647;
			files = (
				218CA61C1DE49280006BBB9C /* LaunchScreen.storyboard in Resources */,
				218CA6191DE49280006BBB9C /* Assets.xcassets in Resources */,
				218CA6171DE49280006BBB9C /* Main.storyboard in Resources */,
			);
			runOnlyForDeploymentPostprocessing = 0;
		};
		218CA6201DE49280006BBB9C /* Resources */ = {
			isa = PBXResourcesBuildPhase;
			buildActionMask = 2147483647;
			files = (
			);
			runOnlyForDeploymentPostprocessing = 0;
		};
		218CA62B1DE49280006BBB9C /* Resources */ = {
			isa = PBXResourcesBuildPhase;
			buildActionMask = 2147483647;
			files = (
			);
			runOnlyForDeploymentPostprocessing = 0;
		};
/* End PBXResourcesBuildPhase section */

/* Begin PBXSourcesBuildPhase section */
		218CA60A1DE49280006BBB9C /* Sources */ = {
			isa = PBXSourcesBuildPhase;
			buildActionMask = 2147483647;
			files = (
				218CA6141DE49280006BBB9C /* ViewController.swift in Sources */,
				218CA6401DE5851F006BBB9C /* StatusLabelDesign.swift in Sources */,
				218CA6121DE49280006BBB9C /* AppDelegate.swift in Sources */,
			);
			runOnlyForDeploymentPostprocessing = 0;
		};
		218CA61E1DE49280006BBB9C /* Sources */ = {
			isa = PBXSourcesBuildPhase;
			buildActionMask = 2147483647;
			files = (
				218CA6271DE49280006BBB9C /* aiteru_ios_clientTests.swift in Sources */,
			);
			runOnlyForDeploymentPostprocessing = 0;
		};
		218CA6291DE49280006BBB9C /* Sources */ = {
			isa = PBXSourcesBuildPhase;
			buildActionMask = 2147483647;
			files = (
				218CA6321DE49280006BBB9C /* aiteru_ios_clientUITests.swift in Sources */,
			);
			runOnlyForDeploymentPostprocessing = 0;
		};
/* End PBXSourcesBuildPhase section */

/* Begin PBXTargetDependency section */
		218CA6241DE49280006BBB9C /* PBXTargetDependency */ = {
			isa = PBXTargetDependency;
			target = 218CA60D1DE49280006BBB9C /* aiteru-ios-client */;
			targetProxy = 218CA6231DE49280006BBB9C /* PBXContainerItemProxy */;
		};
		218CA62F1DE49280006BBB9C /* PBXTargetDependency */ = {
			isa = PBXTargetDependency;
			target = 218CA60D1DE49280006BBB9C /* aiteru-ios-client */;
			targetProxy = 218CA62E1DE49280006BBB9C /* PBXContainerItemProxy */;
		};
/* End PBXTargetDependency section */

/* Begin PBXVariantGroup section */
		218CA6151DE49280006BBB9C /* Main.storyboard */ = {
			isa = PBXVariantGroup;
			children = (
				218CA6161DE49280006BBB9C /* Base */,
			);
			name = Main.storyboard;
			sourceTree = "<group>";
		};
		218CA61A1DE49280006BBB9C /* LaunchScreen.storyboard */ = {
			isa = PBXVariantGroup;
			children = (
				218CA61B1DE49280006BBB9C /* Base */,
			);
			name = LaunchScreen.storyboard;
			sourceTree = "<group>";
		};
/* End PBXVariantGroup section */

/* Begin XCBuildConfiguration section */
		218CA6341DE49280006BBB9C /* Debug */ = {
			isa = XCBuildConfiguration;
			buildSettings = {
				ALWAYS_SEARCH_USER_PATHS = NO;
				CLANG_ANALYZER_NONNULL = YES;
				CLANG_CXX_LANGUAGE_STANDARD = "gnu++0x";
				CLANG_CXX_LIBRARY = "libc++";
				CLANG_ENABLE_MODULES = YES;
				CLANG_ENABLE_OBJC_ARC = YES;
				CLANG_WARN_BOOL_CONVERSION = YES;
				CLANG_WARN_CONSTANT_CONVERSION = YES;
				CLANG_WARN_DIRECT_OBJC_ISA_USAGE = YES_ERROR;
				CLANG_WARN_EMPTY_BODY = YES;
				CLANG_WARN_ENUM_CONVERSION = YES;
				CLANG_WARN_INT_CONVERSION = YES;
				CLANG_WARN_OBJC_ROOT_CLASS = YES_ERROR;
				CLANG_WARN_UNREACHABLE_CODE = YES;
				CLANG_WARN__DUPLICATE_METHOD_MATCH = YES;
				"CODE_SIGN_IDENTITY[sdk=iphoneos*]" = "iPhone Developer";
				COPY_PHASE_STRIP = NO;
				DEBUG_INFORMATION_FORMAT = dwarf;
				ENABLE_STRICT_OBJC_MSGSEND = YES;
				ENABLE_TESTABILITY = YES;
				GCC_C_LANGUAGE_STANDARD = gnu99;
				GCC_DYNAMIC_NO_PIC = NO;
				GCC_NO_COMMON_BLOCKS = YES;
				GCC_OPTIMIZATION_LEVEL = 0;
				GCC_PREPROCESSOR_DEFINITIONS = (
					"DEBUG=1",
					"$(inherited)",
				);
				GCC_WARN_64_TO_32_BIT_CONVERSION = YES;
				GCC_WARN_ABOUT_RETURN_TYPE = YES_ERROR;
				GCC_WARN_UNDECLARED_SELECTOR = YES;
				GCC_WARN_UNINITIALIZED_AUTOS = YES_AGGRESSIVE;
				GCC_WARN_UNUSED_FUNCTION = YES;
				GCC_WARN_UNUSED_VARIABLE = YES;
				IPHONEOS_DEPLOYMENT_TARGET = 9.3;
				MTL_ENABLE_DEBUG_INFO = YES;
				ONLY_ACTIVE_ARCH = YES;
				SDKROOT = iphoneos;
				SWIFT_OPTIMIZATION_LEVEL = "-Onone";
			};
			name = Debug;
		};
		218CA6351DE49280006BBB9C /* Release */ = {
			isa = XCBuildConfiguration;
			buildSettings = {
				ALWAYS_SEARCH_USER_PATHS = NO;
				CLANG_ANALYZER_NONNULL = YES;
				CLANG_CXX_LANGUAGE_STANDARD = "gnu++0x";
				CLANG_CXX_LIBRARY = "libc++";
				CLANG_ENABLE_MODULES = YES;
				CLANG_ENABLE_OBJC_ARC = YES;
				CLANG_WARN_BOOL_CONVERSION = YES;
				CLANG_WARN_CONSTANT_CONVERSION = YES;
				CLANG_WARN_DIRECT_OBJC_ISA_USAGE = YES_ERROR;
				CLANG_WARN_EMPTY_BODY = YES;
				CLANG_WARN_ENUM_CONVERSION = YES;
				CLANG_WARN_INT_CONVERSION = YES;
				CLANG_WARN_OBJC_ROOT_CLASS = YES_ERROR;
				CLANG_WARN_UNREACHABLE_CODE = YES;
				CLANG_WARN__DUPLICATE_METHOD_MATCH = YES;
				"CODE_SIGN_IDENTITY[sdk=iphoneos*]" = "iPhone Developer";
				COPY_PHASE_STRIP = NO;
				DEBUG_INFORMATION_FORMAT = "dwarf-with-dsym";
				ENABLE_NS_ASSERTIONS = NO;
				ENABLE_STRICT_OBJC_MSGSEND = YES;
				GCC_C_LANGUAGE_STANDARD = gnu99;
				GCC_NO_COMMON_BLOCKS = YES;
				GCC_WARN_64_TO_32_BIT_CONVERSION = YES;
				GCC_WARN_ABOUT_RETURN_TYPE = YES_ERROR;
				GCC_WARN_UNDECLARED_SELECTOR = YES;
				GCC_WARN_UNINITIALIZED_AUTOS = YES_AGGRESSIVE;
				GCC_WARN_UNUSED_FUNCTION = YES;
				GCC_WARN_UNUSED_VARIABLE = YES;
				IPHONEOS_DEPLOYMENT_TARGET = 9.3;
				MTL_ENABLE_DEBUG_INFO = NO;
				SDKROOT = iphoneos;
				VALIDATE_PRODUCT = YES;
			};
			name = Release;
		};
		218CA6371DE49280006BBB9C /* Debug */ = {
			isa = XCBuildConfiguration;
			buildSettings = {
				ASSETCATALOG_COMPILER_APPICON_NAME = AppIcon;
				INFOPLIST_FILE = "aiteru-ios-client/Info.plist";
				LD_RUNPATH_SEARCH_PATHS = "$(inherited) @executable_path/Frameworks";
				PRODUCT_BUNDLE_IDENTIFIER = "com.momoiroshikibu.aiteru-ios-client";
				PRODUCT_NAME = "$(TARGET_NAME)";
			};
			name = Debug;
		};
		218CA6381DE49280006BBB9C /* Release */ = {
			isa = XCBuildConfiguration;
			buildSettings = {
				ASSETCATALOG_COMPILER_APPICON_NAME = AppIcon;
				INFOPLIST_FILE = "aiteru-ios-client/Info.plist";
				LD_RUNPATH_SEARCH_PATHS = "$(inherited) @executable_path/Frameworks";
				PRODUCT_BUNDLE_IDENTIFIER = "com.momoiroshikibu.aiteru-ios-client";
				PRODUCT_NAME = "$(TARGET_NAME)";
			};
			name = Release;
		};
		218CA63A1DE49280006BBB9C /* Debug */ = {
			isa = XCBuildConfiguration;
			buildSettings = {
				BUNDLE_LOADER = "$(TEST_HOST)";
				INFOPLIST_FILE = "aiteru-ios-clientTests/Info.plist";
				LD_RUNPATH_SEARCH_PATHS = "$(inherited) @executable_path/Frameworks @loader_path/Frameworks";
				PRODUCT_BUNDLE_IDENTIFIER = "com.momoiroshikibu.aiteru-ios-clientTests";
				PRODUCT_NAME = "$(TARGET_NAME)";
				TEST_HOST = "$(BUILT_PRODUCTS_DIR)/aiteru-ios-client.app/aiteru-ios-client";
			};
			name = Debug;
		};
		218CA63B1DE49280006BBB9C /* Release */ = {
			isa = XCBuildConfiguration;
			buildSettings = {
				BUNDLE_LOADER = "$(TEST_HOST)";
				INFOPLIST_FILE = "aiteru-ios-clientTests/Info.plist";
				LD_RUNPATH_SEARCH_PATHS = "$(inherited) @executable_path/Frameworks @loader_path/Frameworks";
				PRODUCT_BUNDLE_IDENTIFIER = "com.momoiroshikibu.aiteru-ios-clientTests";
				PRODUCT_NAME = "$(TARGET_NAME)";
				TEST_HOST = "$(BUILT_PRODUCTS_DIR)/aiteru-ios-client.app/aiteru-ios-client";
			};
			name = Release;
		};
		218CA63D1DE49280006BBB9C /* Debug */ = {
			isa = XCBuildConfiguration;
			buildSettings = {
				INFOPLIST_FILE = "aiteru-ios-clientUITests/Info.plist";
				LD_RUNPATH_SEARCH_PATHS = "$(inherited) @executable_path/Frameworks @loader_path/Frameworks";
				PRODUCT_BUNDLE_IDENTIFIER = "com.momoiroshikibu.aiteru-ios-clientUITests";
				PRODUCT_NAME = "$(TARGET_NAME)";
				TEST_TARGET_NAME = "aiteru-ios-client";
			};
			name = Debug;
		};
		218CA63E1DE49280006BBB9C /* Release */ = {
			isa = XCBuildConfiguration;
			buildSettings = {
				INFOPLIST_FILE = "aiteru-ios-clientUITests/Info.plist";
				LD_RUNPATH_SEARCH_PATHS = "$(inherited) @executable_path/Frameworks @loader_path/Frameworks";
				PRODUCT_BUNDLE_IDENTIFIER = "com.momoiroshikibu.aiteru-ios-clientUITests";
				PRODUCT_NAME = "$(TARGET_NAME)";
				TEST_TARGET_NAME = "aiteru-ios-client";
			};
			name = Release;
		};
/* End XCBuildConfiguration section */

/* Begin XCConfigurationList section */
		218CA6091DE49280006BBB9C /* Build configuration list for PBXProject "aiteru-ios-client" */ = {
			isa = XCConfigurationList;
			buildConfigurations = (
				218CA6341DE49280006BBB9C /* Debug */,
				218CA6351DE49280006BBB9C /* Release */,
			);
			defaultConfigurationIsVisible = 0;
			defaultConfigurationName = Release;
		};
		218CA6361DE49280006BBB9C /* Build configuration list for PBXNativeTarget "aiteru-ios-client" */ = {
			isa = XCConfigurationList;
			buildConfigurations = (
				218CA6371DE49280006BBB9C /* Debug */,
				218CA6381DE49280006BBB9C /* Release */,
			);
			defaultConfigurationIsVisible = 0;
		};
		218CA6391DE49280006BBB9C /* Build configuration list for PBXNativeTarget "aiteru-ios-clientTests" */ = {
			isa = XCConfigurationList;
			buildConfigurations = (
				218CA63A1DE49280006BBB9C /* Debug */,
				218CA63B1DE49280006BBB9C /* Release */,
			);
			defaultConfigurationIsVisible = 0;
		};
		218CA63C1DE49280006BBB9C /* Build configuration list for PBXNativeTarget "aiteru-ios-clientUITests" */ = {
			isa = XCConfigurationList;
			buildConfigurations = (
				218CA63D1DE49280006BBB9C /* Debug */,
				218CA63E1DE49280006BBB9C /* Release */,
			);
			defaultConfigurationIsVisible = 0;
		};
/* End XCConfigurationList section */
	};
	rootObject = 218CA6061DE49280006BBB9C /* Project object */;
}
